// !$*UTF8*$!
{
	archiveVersion = 1;
	classes = {
	};
	objectVersion = 50;
	objects = {

/* Begin PBXBuildFile section */
		BBBF27F52181D79B00BFA463 /* AppDelegate.swift in Sources */ = {isa = PBXBuildFile; fileRef = BBBF27F42181D79B00BFA463 /* AppDelegate.swift */; };
		BBBF27F72181D79B00BFA463 /* ViewController.swift in Sources */ = {isa = PBXBuildFile; fileRef = BBBF27F62181D79B00BFA463 /* ViewController.swift */; };
		BBBF27FA2181D79B00BFA463 /* Main.storyboard in Resources */ = {isa = PBXBuildFile; fileRef = BBBF27F82181D79B00BFA463 /* Main.storyboard */; };
		BBBF27FC2181D7AB00BFA463 /* Assets.xcassets in Resources */ = {isa = PBXBuildFile; fileRef = BBBF27FB2181D7AB00BFA463 /* Assets.xcassets */; };
		BBBF27FF2181D7AB00BFA463 /* LaunchScreen.storyboard in Resources */ = {isa = PBXBuildFile; fileRef = BBBF27FD2181D7AB00BFA463 /* LaunchScreen.storyboard */; };
		BBBF28082181D86500BFA463 /* CoreBluetooth.framework in Frameworks */ = {isa = PBXBuildFile; fileRef = BBBF28072181D86500BFA463 /* CoreBluetooth.framework */; };
/* End PBXBuildFile section */

/* Begin PBXFileReference section */
		BBBF27F12181D79B00BFA463 /* BluetoothDevicesFinder.app */ = {isa = PBXFileReference; explicitFileType = wrapper.application; includeInIndex = 0; path = BluetoothDevicesFinder.app; sourceTree = BUILT_PRODUCTS_DIR; };
		BBBF27F42181D79B00BFA463 /* AppDelegate.swift */ = {isa = PBXFileReference; lastKnownFileType = sourcecode.swift; path = AppDelegate.swift; sourceTree = "<group>"; };
		BBBF27F62181D79B00BFA463 /* ViewController.swift */ = {isa = PBXFileReference; lastKnownFileType = sourcecode.swift; path = ViewController.swift; sourceTree = "<group>"; };
		BBBF27F92181D79B00BFA463 /* Base */ = {isa = PBXFileReference; lastKnownFileType = file.storyboard; name = Base; path = Base.lproj/Main.storyboard; sourceTree = "<group>"; };
		BBBF27FB2181D7AB00BFA463 /* Assets.xcassets */ = {isa = PBXFileReference; lastKnownFileType = folder.assetcatalog; path = Assets.xcassets; sourceTree = "<group>"; };
		BBBF27FE2181D7AB00BFA463 /* Base */ = {isa = PBXFileReference; lastKnownFileType = file.storyboard; name = Base; path = Base.lproj/LaunchScreen.storyboard; sourceTree = "<group>"; };
		BBBF28002181D7AB00BFA463 /* Info.plist */ = {isa = PBXFileReference; lastKnownFileType = text.plist.xml; path = Info.plist; sourceTree = "<group>"; };
		BBBF28072181D86500BFA463 /* CoreBluetooth.framework */ = {isa = PBXFileReference; lastKnownFileType = wrapper.framework; name = CoreBluetooth.framework; path = System/Library/Frameworks/CoreBluetooth.framework; sourceTree = SDKROOT; };
/* End PBXFileReference section */

/* Begin PBXFrameworksBuildPhase section */
		BBBF27EE2181D79B00BFA463 /* Frameworks */ = {
			isa = PBXFrameworksBuildPhase;
			buildActionMask = 2147483647;
			files = (
				BBBF28082181D86500BFA463 /* CoreBluetooth.framework in Frameworks */,
			);
			runOnlyForDeploymentPostprocessing = 0;
		};
/* End PBXFrameworksBuildPhase section */

/* Begin PBXGroup section */
		BBBF27E82181D79B00BFA463 = {
			isa = PBXGroup;
			children = (
				BBBF27F32181D79B00BFA463 /* BluetoothDevicesFinder */,
				BBBF27F22181D79B00BFA463 /* Products */,
				BBBF28062181D86400BFA463 /* Frameworks */,
			);
			sourceTree = "<group>";
		};
		BBBF27F22181D79B00BFA463 /* Products */ = {
			isa = PBXGroup;
			children = (
				BBBF27F12181D79B00BFA463 /* BluetoothDevicesFinder.app */,
			);
			name = Products;
			sourceTree = "<group>";
		};
		BBBF27F32181D79B00BFA463 /* BluetoothDevicesFinder */ = {
			isa = PBXGroup;
			children = (
				BBBF27F42181D79B00BFA463 /* AppDelegate.swift */,
				BBBF27F62181D79B00BFA463 /* ViewController.swift */,
				BBBF27F82181D79B00BFA463 /* Main.storyboard */,
				BBBF27FB2181D7AB00BFA463 /* Assets.xcassets */,
				BBBF27FD2181D7AB00BFA463 /* LaunchScreen.storyboard */,
				BBBF28002181D7AB00BFA463 /* Info.plist */,
			);
			path = BluetoothDevicesFinder;
			sourceTree = "<group>";
		};
		BBBF28062181D86400BFA463 /* Frameworks */ = {
			isa = PBXGroup;
			children = (
				BBBF28072181D86500BFA463 /* CoreBluetooth.framework */,
			);
			name = Frameworks;
			sourceTree = "<group>";
		};
/* End PBXGroup section */

/* Begin PBXNativeTarget section */
		BBBF27F02181D79B00BFA463 /* BluetoothDevicesFinder */ = {
			isa = PBXNativeTarget;
			buildConfigurationList = BBBF28032181D7AB00BFA463 /* Build configuration list for PBXNativeTarget "BluetoothDevicesFinder" */;
			buildPhases = (
				BBBF27ED2181D79B00BFA463 /* Sources */,
				BBBF27EE2181D79B00BFA463 /* Frameworks */,
				BBBF27EF2181D79B00BFA463 /* Resources */,
			);
			buildRules = (
			);
			dependencies = (
			);
			name = BluetoothDevicesFinder;
			productName = BluetoothDevicesFinder;
			productReference = BBBF27F12181D79B00BFA463 /* BluetoothDevicesFinder.app */;
			productType = "com.apple.product-type.application";
		};
/* End PBXNativeTarget section */

/* Begin PBXProject section */
		BBBF27E92181D79B00BFA463 /* Project object */ = {
			isa = PBXProject;
			attributes = {
				LastSwiftUpdateCheck = 0930;
				LastUpgradeCheck = 0930;
				ORGANIZATIONNAME = Amala;
				TargetAttributes = {
					BBBF27F02181D79B00BFA463 = {
						CreatedOnToolsVersion = 9.3;
					};
				};
			};
			buildConfigurationList = BBBF27EC2181D79B00BFA463 /* Build configuration list for PBXProject "BluetoothDevicesFinder" */;
			compatibilityVersion = "Xcode 9.3";
			developmentRegion = en;
			hasScannedForEncodings = 0;
			knownRegions = (
				en,
				Base,
			);
			mainGroup = BBBF27E82181D79B00BFA463;
			productRefGroup = BBBF27F22181D79B00BFA463 /* Products */;
			projectDirPath = "";
			projectRoot = "";
			targets = (
				BBBF27F02181D79B00BFA463 /* BluetoothDevicesFinder */,
			);
		};
/* End PBXProject section */

/* Begin PBXResourcesBuildPhase section */
		BBBF27EF2181D79B00BFA463 /* Resources */ = {
			isa = PBXResourcesBuildPhase;
			buildActionMask = 2147483647;
			files = (
				BBBF27FF2181D7AB00BFA463 /* LaunchScreen.storyboard in Resources */,
				BBBF27FC2181D7AB00BFA463 /* Assets.xcassets in Resources */,
				BBBF27FA2181D79B00BFA463 /* Main.storyboard in Resources */,
			);
			runOnlyForDeploymentPostprocessing = 0;
		};
/* End PBXResourcesBuildPhase section */

/* Begin PBXSourcesBuildPhase section */
		BBBF27ED2181D79B00BFA463 /* Sources */ = {
			isa = PBXSourcesBuildPhase;
			buildActionMask = 2147483647;
			files = (
				BBBF27F72181D79B00BFA463 /* ViewController.swift in Sources */,
				BBBF27F52181D79B00BFA463 /* AppDelegate.swift in Sources */,
			);
			runOnlyForDeploymentPostprocessing = 0;
		};
/* End PBXSourcesBuildPhase section */

/* Begin PBXVariantGroup section */
		BBBF27F82181D79B00BFA463 /* Main.storyboard */ = {
			isa = PBXVariantGroup;
			children = (
				BBBF27F92181D79B00BFA463 /* Base */,
			);
			name = Main.storyboard;
			sourceTree = "<group>";
		};
		BBBF27FD2181D7AB00BFA463 /* LaunchScreen.storyboard */ = {
			isa = PBXVariantGroup;
			children = (
				BBBF27FE2181D7AB00BFA463 /* Base */,
			);
			name = LaunchScreen.storyboard;
			sourceTree = "<group>";
		};
/* End PBXVariantGroup section */

/* Begin XCBuildConfiguration section */
		BBBF28012181D7AB00BFA463 /* Debug */ = {
			isa = XCBuildConfiguration;
			buildSettings = {
				ALWAYS_SEARCH_USER_PATHS = NO;
				CLANG_ANALYZER_NONNULL = YES;
				CLANG_ANALYZER_NUMBER_OBJECT_CONVERSION = YES_AGGRESSIVE;
				CLANG_CXX_LANGUAGE_STANDARD = "gnu++14";
				CLANG_CXX_LIBRARY = "libc++";
				CLANG_ENABLE_MODULES = YES;
				CLANG_ENABLE_OBJC_ARC = YES;
				CLANG_ENABLE_OBJC_WEAK = YES;
				CLANG_WARN_BLOCK_CAPTURE_AUTORELEASING = YES;
				CLANG_WARN_BOOL_CONVERSION = YES;
				CLANG_WARN_COMMA = YES;
				CLANG_WARN_CONSTANT_CONVERSION = YES;
				CLANG_WARN_DEPRECATED_OBJC_IMPLEMENTATIONS = YES;
				CLANG_WARN_DIRECT_OBJC_ISA_USAGE = YES_ERROR;
				CLANG_WARN_DOCUMENTATION_COMMENTS = YES;
				CLANG_WARN_EMPTY_BODY = YES;
				CLANG_WARN_ENUM_CONVERSION = YES;
				CLANG_WARN_INFINITE_RECURSION = YES;
				CLANG_WARN_INT_CONVERSION = YES;
				CLANG_WARN_NON_LITERAL_NULL_CONVERSION = YES;
				CLANG_WARN_OBJC_IMPLICIT_RETAIN_SELF = YES;
				CLANG_WARN_OBJC_LITERAL_CONVERSION = YES;
				CLANG_WARN_OBJC_ROOT_CLASS = YES_ERROR;
				CLANG_WARN_RANGE_LOOP_ANALYSIS = YES;
				CLANG_WARN_STRICT_PROTOTYPES = YES;
				CLANG_WARN_SUSPICIOUS_MOVE = YES;
				CLANG_WARN_UNGUARDED_AVAILABILITY = YES_AGGRESSIVE;
				CLANG_WARN_UNREACHABLE_CODE = YES;
				CLANG_WARN__DUPLICATE_METHOD_MATCH = YES;
				CODE_SIGN_IDENTITY = "iPhone Developer";
				COPY_PHASE_STRIP = NO;
				DEBUG_INFORMATION_FORMAT = dwarf;
				ENABLE_STRICT_OBJC_MSGSEND = YES;
				ENABLE_TESTABILITY = YES;
				GCC_C_LANGUAGE_STANDARD = gnu11;
				GCC_DYNAMIC_NO_PIC = NO;
				GCC_NO_COMMON_BLOCKS = YES;
				GCC_OPTIMIZATION_LEVEL = 0;
				GCC_PREPROCESSOR_DEFINITIONS = (
					"DEBUG=1",
					"$(inherited)",
				);
				GCC_WARN_64_TO_32_BIT_CONVERSION = YES;
				GCC_WARN_ABOUT_RETURN_TYPE = YES_ERROR;
				GCC_WARN_UNDECLARED_SELECTOR = YES;
				GCC_WARN_UNINITIALIZED_AUTOS = YES_AGGRESSIVE;
				GCC_WARN_UNUSED_FUNCTION = YES;
				GCC_WARN_UNUSED_VARIABLE = YES;
				IPHONEOS_DEPLOYMENT_TARGET = 11.3;
				MTL_ENABLE_DEBUG_INFO = YES;
				ONLY_ACTIVE_ARCH = YES;
				SDKROOT = iphoneos;
				SWIFT_ACTIVE_COMPILATION_CONDITIONS = DEBUG;
				SWIFT_OPTIMIZATION_LEVEL = "-Onone";
			};
			name = Debug;
		};
		BBBF28022181D7AB00BFA463 /* Release */ = {
			isa = XCBuildConfiguration;
			buildSettings = {
				ALWAYS_SEARCH_USER_PATHS = NO;
				CLANG_ANALYZER_NONNULL = YES;
				CLANG_ANALYZER_NUMBER_OBJECT_CONVERSION = YES_AGGRESSIVE;
				CLANG_CXX_LANGUAGE_STANDARD = "gnu++14";
				CLANG_CXX_LIBRARY = "libc++";
				CLANG_ENABLE_MODULES = YES;
				CLANG_ENABLE_OBJC_ARC = YES;
				CLANG_ENABLE_OBJC_WEAK = YES;
				CLANG_WARN_BLOCK_CAPTURE_AUTORELEASING = YES;
				CLANG_WARN_BOOL_CONVERSION = YES;
				CLANG_WARN_COMMA = YES;
				CLANG_WARN_CONSTANT_CONVERSION = YES;
				CLANG_WARN_DEPRECATED_OBJC_IMPLEMENTATIONS = YES;
				CLANG_WARN_DIRECT_OBJC_ISA_USAGE = YES_ERROR;
				CLANG_WARN_DOCUMENTATION_COMMENTS = YES;
				CLANG_WARN_EMPTY_BODY = YES;
				CLANG_WARN_ENUM_CONVERSION = YES;
				CLANG_WARN_INFINITE_RECURSION = YES;
				CLANG_WARN_INT_CONVERSION = YES;
				CLANG_WARN_NON_LITERAL_NULL_CONVERSION = YES;
				CLANG_WARN_OBJC_IMPLICIT_RETAIN_SELF = YES;
				CLANG_WARN_OBJC_LITERAL_CONVERSION = YES;
				CLANG_WARN_OBJC_ROOT_CLASS = YES_ERROR;
				CLANG_WARN_RANGE_LOOP_ANALYSIS = YES;
				CLANG_WARN_STRICT_PROTOTYPES = YES;
				CLANG_WARN_SUSPICIOUS_MOVE = YES;
				CLANG_WARN_UNGUARDED_AVAILABILITY = YES_AGGRESSIVE;
				CLANG_WARN_UNREACHABLE_CODE = YES;
				CLANG_WARN__DUPLICATE_METHOD_MATCH = YES;
				CODE_SIGN_IDENTITY = "iPhone Developer";
				COPY_PHASE_STRIP = NO;
				DEBUG_INFORMATION_FORMAT = "dwarf-with-dsym";
				ENABLE_NS_ASSERTIONS = NO;
				ENABLE_STRICT_OBJC_MSGSEND = YES;
				GCC_C_LANGUAGE_STANDARD = gnu11;
				GCC_NO_COMMON_BLOCKS = YES;
				GCC_WARN_64_TO_32_BIT_CONVERSION = YES;
				GCC_WARN_ABOUT_RETURN_TYPE = YES_ERROR;
				GCC_WARN_UNDECLARED_SELECTOR = YES;
				GCC_WARN_UNINITIALIZED_AUTOS = YES_AGGRESSIVE;
				GCC_WARN_UNUSED_FUNCTION = YES;
				GCC_WARN_UNUSED_VARIABLE = YES;
				IPHONEOS_DEPLOYMENT_TARGET = 11.3;
				MTL_ENABLE_DEBUG_INFO = NO;
				SDKROOT = iphoneos;
				SWIFT_COMPILATION_MODE = wholemodule;
				SWIFT_OPTIMIZATION_LEVEL = "-O";
				VALIDATE_PRODUCT = YES;
			};
			name = Release;
		};
		BBBF28042181D7AB00BFA463 /* Debug */ = {
			isa = XCBuildConfiguration;
			buildSettings = {
				ASSETCATALOG_COMPILER_APPICON_NAME = AppIcon;
				CODE_SIGN_STYLE = Automatic;
				INFOPLIST_FILE = BluetoothDevicesFinder/Info.plist;
				LD_RUNPATH_SEARCH_PATHS = (
					"$(inherited)",
					"@executable_path/Frameworks",
				);
				PRODUCT_BUNDLE_IDENTIFIER = amala.BluetoothDevicesFinder;
				PRODUCT_NAME = "$(TARGET_NAME)";
				SWIFT_VERSION = 4.0;
				TARGETED_DEVICE_FAMILY = "1,2";
			};
			name = Debug;
		};
		BBBF28052181D7AB00BFA463 /* Release */ = {
			isa = XCBuildConfiguration;
			buildSettings = {
				ASSETCATALOG_COMPILER_APPICON_NAME = AppIcon;
				CODE_SIGN_STYLE = Automatic;
				INFOPLIST_FILE = BluetoothDevicesFinder/Info.plist;
				LD_RUNPATH_SEARCH_PATHS = (
					"$(inherited)",
					"@executable_path/Frameworks",
				);
				PRODUCT_BUNDLE_IDENTIFIER = amala.BluetoothDevicesFinder;
				PRODUCT_NAME = "$(TARGET_NAME)";
				SWIFT_VERSION = 4.0;
				TARGETED_DEVICE_FAMILY = "1,2";
			};
			name = Release;
		};
/* End XCBuildConfiguration section */

/* Begin XCConfigurationList section */
		BBBF27EC2181D79B00BFA463 /* Build configuration list for PBXProject "BluetoothDevicesFinder" */ = {
			isa = XCConfigurationList;
			buildConfigurations = (
				BBBF28012181D7AB00BFA463 /* Debug */,
				BBBF28022181D7AB00BFA463 /* Release */,
			);
			defaultConfigurationIsVisible = 0;
			defaultConfigurationName = Release;
		};
		BBBF28032181D7AB00BFA463 /* Build configuration list for PBXNativeTarget "BluetoothDevicesFinder" */ = {
			isa = XCConfigurationList;
			buildConfigurations = (
				BBBF28042181D7AB00BFA463 /* Debug */,
				BBBF28052181D7AB00BFA463 /* Release */,
			);
			defaultConfigurationIsVisible = 0;
			defaultConfigurationName = Release;
		};
/* End XCConfigurationList section */
	};
	rootObject = BBBF27E92181D79B00BFA463 /* Project object */;
}
